{
  "requires": true,
  "lockfileVersion": 1,
  "dependencies": {
    "@types/node": {
      "version": "10.12.21",
      "resolved": "https://registry.npmjs.org/@types/node/-/node-10.12.21.tgz",
      "integrity": "sha512-CBgLNk4o3XMnqMc0rhb6lc77IwShMEglz05deDcn2lQxyXEZivfwgYJu7SMha9V5XcrP6qZuevTHV/QrN2vjKQ=="
    },
    "@types/yargs": {
      "version": "12.0.8",
      "resolved": "https://registry.npmjs.org/@types/yargs/-/yargs-12.0.8.tgz",
      "integrity": "sha512-OMSKUmZ09gbzITzx4nxnJqhprWC7JqsmlrEsVtb+cv3GXHNpv0kktqxhboKX52FnMggkQvT5ezt8pxTWyKpJHA==",
      "dev": true
    }
  }
}
